
Microsoft Visual Studio Solution File, Format Version 12.00
# Visual Studio 15
VisualStudioVersion = 15.0.26730.16
MinimumVisualStudioVersion = 10.0.40219.1
Project("{FAE04EC0-301F-11D3-BF4B-00C04F79EFBC}") = "WebBlog", "WebBlog\WebBlog.csproj", "{EC22C001-42B3-44B7-A017-A43646DE0980}"
EndProject
Global
	GlobalSection(SolutionConfigurationPlatforms) = preSolution
		Debug|Any CPU = Debug|Any CPU
		Release|Any CPU = Release|Any CPU
	EndGlobalSection
	GlobalSection(ProjectConfigurationPlatforms) = postSolution
		{EC22C001-42B3-44B7-A017-A43646DE0980}.Debug|Any CPU.ActiveCfg = Debug|Any CPU
		{EC22C001-42B3-44B7-A017-A43646DE0980}.Debug|Any CPU.Build.0 = Debug|Any CPU
		{EC22C001-42B3-44B7-A017-A43646DE0980}.Release|Any CPU.ActiveCfg = Release|Any CPU
		{EC22C001-42B3-44B7-A017-A43646DE0980}.Release|Any CPU.Build.0 = Release|Any CPU
	EndGlobalSection
	GlobalSection(SolutionProperties) = preSolution
		HideSolutionNode = FALSE
	EndGlobalSection
	GlobalSection(ExtensibilityGlobals) = postSolution
		SolutionGuid = {F2C23529-71C1-465E-B904-5E6A7F84776F}
	EndGlobalSection
EndGlobal
